
Microsoft Visual Studio Solution File, Format Version 12.00
# Visual Studio Version 16
VisualStudioVersion = 16.0.32929.386
MinimumVisualStudioVersion = 10.0.40219.1
Project("{FAE04EC0-301F-11D3-BF4B-00C04F79EFBC}") = "baitap2", "baitap2.csproj", "{9C1AC05D-A51B-4973-BE62-E7331BD8B983}"
EndProject
Global
	GlobalSection(SolutionConfigurationPlatforms) = preSolution
		Debug|Any CPU = Debug|Any CPU
		Release|Any CPU = Release|Any CPU
	EndGlobalSection
	GlobalSection(ProjectConfigurationPlatforms) = postSolution
		{9C1AC05D-A51B-4973-BE62-E7331BD8B983}.Debug|Any CPU.ActiveCfg = Debug|Any CPU
		{9C1AC05D-A51B-4973-BE62-E7331BD8B983}.Debug|Any CPU.Build.0 = Debug|Any CPU
		{9C1AC05D-A51B-4973-BE62-E7331BD8B983}.Release|Any CPU.ActiveCfg = Release|Any CPU
		{9C1AC05D-A51B-4973-BE62-E7331BD8B983}.Release|Any CPU.Build.0 = Release|Any CPU
	EndGlobalSection
	GlobalSection(SolutionProperties) = preSolution
		HideSolutionNode = FALSE
	EndGlobalSection
	GlobalSection(ExtensibilityGlobals) = postSolution
		SolutionGuid = {05619EE8-5565-401A-BBAA-FD0F866791A4}
	EndGlobalSection
EndGlobal
